{
  "version": 4,
  "terraform_version": "0.12.18",
  "serial": 71,
  "lineage": "d85c4376-843c-ea4d-c3e6-ce1316a614fb",
  "outputs": {
    "control_center": {
      "value": [
        "35.240.249.36"
      ],
      "type": [
        "tuple",
        [
          "string"
        ]
      ]
    }
  },
  "resources": [
    {
      "module": "module.control_center",
      "mode": "managed",
      "type": "google_compute_instance",
      "name": "control_center",
      "provider": "provider.google",
      "instances": [
        {
          "schema_version": 6,
          "attributes": {
            "allow_stopping_for_update": null,
            "attached_disk": [],
            "boot_disk": [
              {
                "auto_delete": true,
                "device_name": "persistent-disk-0",
                "disk_encryption_key_raw": "",
                "disk_encryption_key_sha256": "",
                "initialize_params": [
                  {
                    "image": "https://www.googleapis.com/compute/v1/projects/ubuntu-os-cloud/global/images/ubuntu-1804-bionic-v20191211",
                    "labels": {},
                    "size": 10,
                    "type": "pd-standard"
                  }
                ],
                "kms_key_self_link": "",
                "mode": "READ_WRITE",
                "source": "https://www.googleapis.com/compute/v1/projects/ai-lab-201911/zones/asia-southeast1-a/disks/control-center"
              }
            ],
            "can_ip_forward": false,
            "cpu_platform": "Intel Broadwell",
            "deletion_protection": false,
            "description": "",
            "enable_display": false,
            "guest_accelerator": [],
            "hostname": "",
            "id": "projects/ai-lab-201911/zones/asia-southeast1-a/instances/control-center",
            "instance_id": "4515468127405890218",
            "label_fingerprint": "mbbSUb1C9sE=",
            "labels": {
              "ansible_group": "control_center",
              "stack": "confluent"
            },
            "machine_type": "n1-standard-2",
            "metadata": {},
            "metadata_fingerprint": "Kcq5o6VG1kE=",
            "metadata_startup_script": "",
            "min_cpu_platform": "",
            "name": "control-center",
            "network_interface": [
              {
                "access_config": [
                  {
                    "nat_ip": "35.240.249.36",
                    "network_tier": "PREMIUM",
                    "public_ptr_domain_name": ""
                  }
                ],
                "alias_ip_range": [],
                "name": "nic0",
                "network": "https://www.googleapis.com/compute/v1/projects/ai-lab-201911/global/networks/default",
                "network_ip": "10.148.15.200",
                "subnetwork": "https://www.googleapis.com/compute/v1/projects/ai-lab-201911/regions/asia-southeast1/subnetworks/default",
                "subnetwork_project": "ai-lab-201911"
              }
            ],
            "project": "ai-lab-201911",
            "scheduling": [
              {
                "automatic_restart": true,
                "node_affinities": [],
                "on_host_maintenance": "MIGRATE",
                "preemptible": false
              }
            ],
            "scratch_disk": [],
            "self_link": "https://www.googleapis.com/compute/v1/projects/ai-lab-201911/zones/asia-southeast1-a/instances/control-center",
            "service_account": [],
            "shielded_instance_config": [],
            "tags": [
              "confluent"
            ],
            "tags_fingerprint": "6-HN5nVs1ek=",
            "timeouts": null,
            "zone": "asia-southeast1-a"
          },
          "private": "eyJlMmJmYjczMC1lY2FhLTExZTYtOGY4OC0zNDM2M2JjN2M0YzAiOnsiY3JlYXRlIjoxMjAwMDAwMDAwMDAwLCJkZWxldGUiOjEyMDAwMDAwMDAwMDAsInVwZGF0ZSI6MTIwMDAwMDAwMDAwMH0sInNjaGVtYV92ZXJzaW9uIjoiNiJ9"
        }
      ]
    },
    {
      "module": "module.kafka_broker",
      "mode": "managed",
      "type": "google_compute_instance",
      "name": "kafka_broker",
      "provider": "provider.google",
      "instances": [
        {
          "schema_version": 6,
          "attributes": {
            "allow_stopping_for_update": null,
            "attached_disk": [],
            "boot_disk": [
              {
                "auto_delete": true,
                "device_name": "persistent-disk-0",
                "disk_encryption_key_raw": "",
                "disk_encryption_key_sha256": "",
                "initialize_params": [
                  {
                    "image": "https://www.googleapis.com/compute/v1/projects/ubuntu-os-cloud/global/images/ubuntu-1804-bionic-v20191211",
                    "labels": {},
                    "size": 10,
                    "type": "pd-standard"
                  }
                ],
                "kms_key_self_link": "",
                "mode": "READ_WRITE",
                "source": "https://www.googleapis.com/compute/v1/projects/ai-lab-201911/zones/asia-southeast1-a/disks/kafka-broker"
              }
            ],
            "can_ip_forward": false,
            "cpu_platform": "Intel Broadwell",
            "deletion_protection": false,
            "description": "",
            "enable_display": false,
            "guest_accelerator": [],
            "hostname": "",
            "id": "projects/ai-lab-201911/zones/asia-southeast1-a/instances/kafka-broker",
            "instance_id": "6465481196454304426",
            "label_fingerprint": "9xJ811EKX7w=",
            "labels": {
              "ansible_group": "kafka_broker",
              "stack": "confluent"
            },
            "machine_type": "n1-standard-2",
            "metadata": {},
            "metadata_fingerprint": "Kcq5o6VG1kE=",
            "metadata_startup_script": "",
            "min_cpu_platform": "",
            "name": "kafka-broker",
            "network_interface": [
              {
                "access_config": [
                  {
                    "nat_ip": "35.198.248.244",
                    "network_tier": "PREMIUM",
                    "public_ptr_domain_name": ""
                  }
                ],
                "alias_ip_range": [],
                "name": "nic0",
                "network": "https://www.googleapis.com/compute/v1/projects/ai-lab-201911/global/networks/default",
                "network_ip": "10.148.15.198",
                "subnetwork": "https://www.googleapis.com/compute/v1/projects/ai-lab-201911/regions/asia-southeast1/subnetworks/default",
                "subnetwork_project": "ai-lab-201911"
              }
            ],
            "project": "ai-lab-201911",
            "scheduling": [
              {
                "automatic_restart": true,
                "node_affinities": [],
                "on_host_maintenance": "MIGRATE",
                "preemptible": false
              }
            ],
            "scratch_disk": [],
            "self_link": "https://www.googleapis.com/compute/v1/projects/ai-lab-201911/zones/asia-southeast1-a/instances/kafka-broker",
            "service_account": [],
            "shielded_instance_config": [],
            "tags": [
              "confluent"
            ],
            "tags_fingerprint": "6-HN5nVs1ek=",
            "timeouts": null,
            "zone": "asia-southeast1-a"
          },
          "private": "eyJlMmJmYjczMC1lY2FhLTExZTYtOGY4OC0zNDM2M2JjN2M0YzAiOnsiY3JlYXRlIjoxMjAwMDAwMDAwMDAwLCJkZWxldGUiOjEyMDAwMDAwMDAwMDAsInVwZGF0ZSI6MTIwMDAwMDAwMDAwMH0sInNjaGVtYV92ZXJzaW9uIjoiNiJ9"
        }
      ]
    },
    {
      "module": "module.kafka_connect",
      "mode": "managed",
      "type": "google_compute_instance",
      "name": "kafka_connect",
      "provider": "provider.google",
      "instances": [
        {
          "schema_version": 6,
          "attributes": {
            "allow_stopping_for_update": null,
            "attached_disk": [],
            "boot_disk": [
              {
                "auto_delete": true,
                "device_name": "persistent-disk-0",
                "disk_encryption_key_raw": "",
                "disk_encryption_key_sha256": "",
                "initialize_params": [
                  {
                    "image": "https://www.googleapis.com/compute/v1/projects/ubuntu-os-cloud/global/images/ubuntu-1804-bionic-v20191211",
                    "labels": {},
                    "size": 10,
                    "type": "pd-standard"
                  }
                ],
                "kms_key_self_link": "",
                "mode": "READ_WRITE",
                "source": "https://www.googleapis.com/compute/v1/projects/ai-lab-201911/zones/asia-southeast1-a/disks/kafka-connect"
              }
            ],
            "can_ip_forward": false,
            "cpu_platform": "Intel Broadwell",
            "deletion_protection": false,
            "description": "",
            "enable_display": false,
            "guest_accelerator": [],
            "hostname": "",
            "id": "projects/ai-lab-201911/zones/asia-southeast1-a/instances/kafka-connect",
            "instance_id": "281706958642237072",
            "label_fingerprint": "SqH-lkemkP0=",
            "labels": {
              "ansible_group": "kafka_connect",
              "stack": "confluent"
            },
            "machine_type": "n1-standard-2",
            "metadata": {},
            "metadata_fingerprint": "Kcq5o6VG1kE=",
            "metadata_startup_script": "",
            "min_cpu_platform": "",
            "name": "kafka-connect",
            "network_interface": [
              {
                "access_config": [
                  {
                    "nat_ip": "35.240.174.42",
                    "network_tier": "PREMIUM",
                    "public_ptr_domain_name": ""
                  }
                ],
                "alias_ip_range": [],
                "name": "nic0",
                "network": "https://www.googleapis.com/compute/v1/projects/ai-lab-201911/global/networks/default",
                "network_ip": "10.148.15.201",
                "subnetwork": "https://www.googleapis.com/compute/v1/projects/ai-lab-201911/regions/asia-southeast1/subnetworks/default",
                "subnetwork_project": "ai-lab-201911"
              }
            ],
            "project": "ai-lab-201911",
            "scheduling": [
              {
                "automatic_restart": true,
                "node_affinities": [],
                "on_host_maintenance": "MIGRATE",
                "preemptible": false
              }
            ],
            "scratch_disk": [],
            "self_link": "https://www.googleapis.com/compute/v1/projects/ai-lab-201911/zones/asia-southeast1-a/instances/kafka-connect",
            "service_account": [],
            "shielded_instance_config": [],
            "tags": [
              "confluent"
            ],
            "tags_fingerprint": "6-HN5nVs1ek=",
            "timeouts": null,
            "zone": "asia-southeast1-a"
          },
          "private": "eyJlMmJmYjczMC1lY2FhLTExZTYtOGY4OC0zNDM2M2JjN2M0YzAiOnsiY3JlYXRlIjoxMjAwMDAwMDAwMDAwLCJkZWxldGUiOjEyMDAwMDAwMDAwMDAsInVwZGF0ZSI6MTIwMDAwMDAwMDAwMH0sInNjaGVtYV92ZXJzaW9uIjoiNiJ9"
        }
      ]
    },
    {
      "module": "module.kafka_rest",
      "mode": "managed",
      "type": "google_compute_instance",
      "name": "kafka_rest",
      "provider": "provider.google",
      "instances": [
        {
          "schema_version": 6,
          "attributes": {
            "allow_stopping_for_update": null,
            "attached_disk": [],
            "boot_disk": [
              {
                "auto_delete": true,
                "device_name": "persistent-disk-0",
                "disk_encryption_key_raw": "",
                "disk_encryption_key_sha256": "",
                "initialize_params": [
                  {
                    "image": "https://www.googleapis.com/compute/v1/projects/ubuntu-os-cloud/global/images/ubuntu-1804-bionic-v20191211",
                    "labels": {},
                    "size": 10,
                    "type": "pd-standard"
                  }
                ],
                "kms_key_self_link": "",
                "mode": "READ_WRITE",
                "source": "https://www.googleapis.com/compute/v1/projects/ai-lab-201911/zones/asia-southeast1-a/disks/kafka-rest"
              }
            ],
            "can_ip_forward": false,
            "cpu_platform": "Intel Broadwell",
            "deletion_protection": false,
            "description": "",
            "enable_display": false,
            "guest_accelerator": [],
            "hostname": "",
            "id": "projects/ai-lab-201911/zones/asia-southeast1-a/instances/kafka-rest",
            "instance_id": "9021444881735768746",
            "label_fingerprint": "Q9rj9pmWmI4=",
            "labels": {
              "ansible_group": "kafka_rest",
              "stack": "confluent"
            },
            "machine_type": "n1-standard-2",
            "metadata": {},
            "metadata_fingerprint": "Kcq5o6VG1kE=",
            "metadata_startup_script": "",
            "min_cpu_platform": "",
            "name": "kafka-rest",
            "network_interface": [
              {
                "access_config": [
                  {
                    "nat_ip": "35.186.144.54",
                    "network_tier": "PREMIUM",
                    "public_ptr_domain_name": ""
                  }
                ],
                "alias_ip_range": [],
                "name": "nic0",
                "network": "https://www.googleapis.com/compute/v1/projects/ai-lab-201911/global/networks/default",
                "network_ip": "10.148.15.196",
                "subnetwork": "https://www.googleapis.com/compute/v1/projects/ai-lab-201911/regions/asia-southeast1/subnetworks/default",
                "subnetwork_project": "ai-lab-201911"
              }
            ],
            "project": "ai-lab-201911",
            "scheduling": [
              {
                "automatic_restart": true,
                "node_affinities": [],
                "on_host_maintenance": "MIGRATE",
                "preemptible": false
              }
            ],
            "scratch_disk": [],
            "self_link": "https://www.googleapis.com/compute/v1/projects/ai-lab-201911/zones/asia-southeast1-a/instances/kafka-rest",
            "service_account": [],
            "shielded_instance_config": [],
            "tags": [
              "confluent"
            ],
            "tags_fingerprint": "6-HN5nVs1ek=",
            "timeouts": null,
            "zone": "asia-southeast1-a"
          },
          "private": "eyJlMmJmYjczMC1lY2FhLTExZTYtOGY4OC0zNDM2M2JjN2M0YzAiOnsiY3JlYXRlIjoxMjAwMDAwMDAwMDAwLCJkZWxldGUiOjEyMDAwMDAwMDAwMDAsInVwZGF0ZSI6MTIwMDAwMDAwMDAwMH0sInNjaGVtYV92ZXJzaW9uIjoiNiJ9"
        }
      ]
    },
    {
      "module": "module.ksql",
      "mode": "managed",
      "type": "google_compute_instance",
      "name": "ksql",
      "provider": "provider.google",
      "instances": [
        {
          "schema_version": 6,
          "attributes": {
            "allow_stopping_for_update": null,
            "attached_disk": [],
            "boot_disk": [
              {
                "auto_delete": true,
                "device_name": "persistent-disk-0",
                "disk_encryption_key_raw": "",
                "disk_encryption_key_sha256": "",
                "initialize_params": [
                  {
                    "image": "https://www.googleapis.com/compute/v1/projects/ubuntu-os-cloud/global/images/ubuntu-1804-bionic-v20191211",
                    "labels": {},
                    "size": 10,
                    "type": "pd-standard"
                  }
                ],
                "kms_key_self_link": "",
                "mode": "READ_WRITE",
                "source": "https://www.googleapis.com/compute/v1/projects/ai-lab-201911/zones/asia-southeast1-a/disks/ksql"
              }
            ],
            "can_ip_forward": false,
            "cpu_platform": "Intel Broadwell",
            "deletion_protection": false,
            "description": "",
            "enable_display": false,
            "guest_accelerator": [],
            "hostname": "",
            "id": "projects/ai-lab-201911/zones/asia-southeast1-a/instances/ksql",
            "instance_id": "1293932009011305130",
            "label_fingerprint": "0Euk-IUKBRE=",
            "labels": {
              "ansible_group": "ksql",
              "stack": "confluent"
            },
            "machine_type": "n1-standard-2",
            "metadata": {},
            "metadata_fingerprint": "Kcq5o6VG1kE=",
            "metadata_startup_script": "",
            "min_cpu_platform": "",
            "name": "ksql",
            "network_interface": [
              {
                "access_config": [
                  {
                    "nat_ip": "34.87.107.37",
                    "network_tier": "PREMIUM",
                    "public_ptr_domain_name": ""
                  }
                ],
                "alias_ip_range": [],
                "name": "nic0",
                "network": "https://www.googleapis.com/compute/v1/projects/ai-lab-201911/global/networks/default",
                "network_ip": "10.148.15.199",
                "subnetwork": "https://www.googleapis.com/compute/v1/projects/ai-lab-201911/regions/asia-southeast1/subnetworks/default",
                "subnetwork_project": "ai-lab-201911"
              }
            ],
            "project": "ai-lab-201911",
            "scheduling": [
              {
                "automatic_restart": true,
                "node_affinities": [],
                "on_host_maintenance": "MIGRATE",
                "preemptible": false
              }
            ],
            "scratch_disk": [],
            "self_link": "https://www.googleapis.com/compute/v1/projects/ai-lab-201911/zones/asia-southeast1-a/instances/ksql",
            "service_account": [],
            "shielded_instance_config": [],
            "tags": [
              "confluent"
            ],
            "tags_fingerprint": "6-HN5nVs1ek=",
            "timeouts": null,
            "zone": "asia-southeast1-a"
          },
          "private": "eyJlMmJmYjczMC1lY2FhLTExZTYtOGY4OC0zNDM2M2JjN2M0YzAiOnsiY3JlYXRlIjoxMjAwMDAwMDAwMDAwLCJkZWxldGUiOjEyMDAwMDAwMDAwMDAsInVwZGF0ZSI6MTIwMDAwMDAwMDAwMH0sInNjaGVtYV92ZXJzaW9uIjoiNiJ9"
        }
      ]
    },
    {
      "module": "module.schema_registry",
      "mode": "managed",
      "type": "google_compute_instance",
      "name": "schema_registry",
      "provider": "provider.google",
      "instances": [
        {
          "schema_version": 6,
          "attributes": {
            "allow_stopping_for_update": null,
            "attached_disk": [],
            "boot_disk": [
              {
                "auto_delete": true,
                "device_name": "persistent-disk-0",
                "disk_encryption_key_raw": "",
                "disk_encryption_key_sha256": "",
                "initialize_params": [
                  {
                    "image": "https://www.googleapis.com/compute/v1/projects/ubuntu-os-cloud/global/images/ubuntu-1804-bionic-v20191211",
                    "labels": {},
                    "size": 10,
                    "type": "pd-standard"
                  }
                ],
                "kms_key_self_link": "",
                "mode": "READ_WRITE",
                "source": "https://www.googleapis.com/compute/v1/projects/ai-lab-201911/zones/asia-southeast1-a/disks/schema-registry"
              }
            ],
            "can_ip_forward": false,
            "cpu_platform": "Intel Broadwell",
            "deletion_protection": false,
            "description": "",
            "enable_display": false,
            "guest_accelerator": [],
            "hostname": "",
            "id": "projects/ai-lab-201911/zones/asia-southeast1-a/instances/schema-registry",
            "instance_id": "5705753910457686698",
            "label_fingerprint": "Z0xlbeScRGs=",
            "labels": {
              "ansible_group": "schema_registry",
              "stack": "confluent"
            },
            "machine_type": "n1-standard-2",
            "metadata": {},
            "metadata_fingerprint": "Kcq5o6VG1kE=",
            "metadata_startup_script": "",
            "min_cpu_platform": "",
            "name": "schema-registry",
            "network_interface": [
              {
                "access_config": [
                  {
                    "nat_ip": "35.187.240.80",
                    "network_tier": "PREMIUM",
                    "public_ptr_domain_name": ""
                  }
                ],
                "alias_ip_range": [],
                "name": "nic0",
                "network": "https://www.googleapis.com/compute/v1/projects/ai-lab-201911/global/networks/default",
                "network_ip": "10.148.15.195",
                "subnetwork": "https://www.googleapis.com/compute/v1/projects/ai-lab-201911/regions/asia-southeast1/subnetworks/default",
                "subnetwork_project": "ai-lab-201911"
              }
            ],
            "project": "ai-lab-201911",
            "scheduling": [
              {
                "automatic_restart": true,
                "node_affinities": [],
                "on_host_maintenance": "MIGRATE",
                "preemptible": false
              }
            ],
            "scratch_disk": [],
            "self_link": "https://www.googleapis.com/compute/v1/projects/ai-lab-201911/zones/asia-southeast1-a/instances/schema-registry",
            "service_account": [],
            "shielded_instance_config": [],
            "tags": [
              "confluent"
            ],
            "tags_fingerprint": "6-HN5nVs1ek=",
            "timeouts": null,
            "zone": "asia-southeast1-a"
          },
          "private": "eyJlMmJmYjczMC1lY2FhLTExZTYtOGY4OC0zNDM2M2JjN2M0YzAiOnsiY3JlYXRlIjoxMjAwMDAwMDAwMDAwLCJkZWxldGUiOjEyMDAwMDAwMDAwMDAsInVwZGF0ZSI6MTIwMDAwMDAwMDAwMH0sInNjaGVtYV92ZXJzaW9uIjoiNiJ9"
        }
      ]
    },
    {
      "module": "module.zookeeper",
      "mode": "managed",
      "type": "google_compute_instance",
      "name": "zookeeper",
      "provider": "provider.google",
      "instances": [
        {
          "schema_version": 6,
          "attributes": {
            "allow_stopping_for_update": null,
            "attached_disk": [],
            "boot_disk": [
              {
                "auto_delete": true,
                "device_name": "persistent-disk-0",
                "disk_encryption_key_raw": "",
                "disk_encryption_key_sha256": "",
                "initialize_params": [
                  {
                    "image": "https://www.googleapis.com/compute/v1/projects/ubuntu-os-cloud/global/images/ubuntu-1804-bionic-v20191211",
                    "labels": {},
                    "size": 10,
                    "type": "pd-standard"
                  }
                ],
                "kms_key_self_link": "",
                "mode": "READ_WRITE",
                "source": "https://www.googleapis.com/compute/v1/projects/ai-lab-201911/zones/asia-southeast1-a/disks/zookeeper"
              }
            ],
            "can_ip_forward": false,
            "cpu_platform": "Intel Broadwell",
            "deletion_protection": false,
            "description": "",
            "enable_display": false,
            "guest_accelerator": [],
            "hostname": "",
            "id": "projects/ai-lab-201911/zones/asia-southeast1-a/instances/zookeeper",
            "instance_id": "4781440307992484522",
            "label_fingerprint": "LGcNdJ9KWRk=",
            "labels": {
              "ansible_group": "zookeeper",
              "stack": "confluent"
            },
            "machine_type": "n1-standard-2",
            "metadata": {},
            "metadata_fingerprint": "Kcq5o6VG1kE=",
            "metadata_startup_script": "",
            "min_cpu_platform": "",
            "name": "zookeeper",
            "network_interface": [
              {
                "access_config": [
                  {
                    "nat_ip": "35.247.181.253",
                    "network_tier": "PREMIUM",
                    "public_ptr_domain_name": ""
                  }
                ],
                "alias_ip_range": [],
                "name": "nic0",
                "network": "https://www.googleapis.com/compute/v1/projects/ai-lab-201911/global/networks/default",
                "network_ip": "10.148.15.197",
                "subnetwork": "https://www.googleapis.com/compute/v1/projects/ai-lab-201911/regions/asia-southeast1/subnetworks/default",
                "subnetwork_project": "ai-lab-201911"
              }
            ],
            "project": "ai-lab-201911",
            "scheduling": [
              {
                "automatic_restart": true,
                "node_affinities": [],
                "on_host_maintenance": "MIGRATE",
                "preemptible": false
              }
            ],
            "scratch_disk": [],
            "self_link": "https://www.googleapis.com/compute/v1/projects/ai-lab-201911/zones/asia-southeast1-a/instances/zookeeper",
            "service_account": [],
            "shielded_instance_config": [],
            "tags": [
              "confluent"
            ],
            "tags_fingerprint": "6-HN5nVs1ek=",
            "timeouts": null,
            "zone": "asia-southeast1-a"
          },
          "private": "eyJlMmJmYjczMC1lY2FhLTExZTYtOGY4OC0zNDM2M2JjN2M0YzAiOnsiY3JlYXRlIjoxMjAwMDAwMDAwMDAwLCJkZWxldGUiOjEyMDAwMDAwMDAwMDAsInVwZGF0ZSI6MTIwMDAwMDAwMDAwMH0sInNjaGVtYV92ZXJzaW9uIjoiNiJ9"
        }
      ]
    }
  ]
}
